// !$*UTF8*$!
{
	archiveVersion = 1;
	classes = {
	};
	objectVersion = 55;
	objects = {

/* Begin PBXBuildFile section */
		43D30141D26B4764D74253EE /* Pods_GogolookExam_GogolookExamUITests.framework in Frameworks */ = {isa = PBXBuildFile; fileRef = C58204E002B73F7F65036BCB /* Pods_GogolookExam_GogolookExamUITests.framework */; };
		75B60763B935E1DA9F3D8C36 /* Pods_GogolookExam.framework in Frameworks */ = {isa = PBXBuildFile; fileRef = E4DE419F8AE33AA4E63D4087 /* Pods_GogolookExam.framework */; };
		A8F053C98C8362CDC391143D /* Pods_GogolookExamTests.framework in Frameworks */ = {isa = PBXBuildFile; fileRef = B6110D93977F7CEC691B2246 /* Pods_GogolookExamTests.framework */; };
		EC3F70702834CD9F0013E326 /* ApiServiceTest.swift in Sources */ = {isa = PBXBuildFile; fileRef = EC3F706F2834CD9F0013E326 /* ApiServiceTest.swift */; };
		EC3F70722834DD1A0013E326 /* ItemListViewControllerTest.swift in Sources */ = {isa = PBXBuildFile; fileRef = EC3F70712834DD1A0013E326 /* ItemListViewControllerTest.swift */; };
		EC3F70742834E3DD0013E326 /* HandleItemCacheViewModelTypeTest.swift in Sources */ = {isa = PBXBuildFile; fileRef = EC3F70732834E3DD0013E326 /* HandleItemCacheViewModelTypeTest.swift */; };
		EC6C2F2B2830BAFA0002E51D /* AppDelegate.swift in Sources */ = {isa = PBXBuildFile; fileRef = EC6C2F2A2830BAFA0002E51D /* AppDelegate.swift */; };
		EC6C2F2D2830BAFA0002E51D /* SceneDelegate.swift in Sources */ = {isa = PBXBuildFile; fileRef = EC6C2F2C2830BAFA0002E51D /* SceneDelegate.swift */; };
		EC6C2F342830BAFB0002E51D /* Assets.xcassets in Resources */ = {isa = PBXBuildFile; fileRef = EC6C2F332830BAFB0002E51D /* Assets.xcassets */; };
		EC6C2F372830BAFB0002E51D /* LaunchScreen.storyboard in Resources */ = {isa = PBXBuildFile; fileRef = EC6C2F352830BAFB0002E51D /* LaunchScreen.storyboard */; };
		EC6C2F422830BAFB0002E51D /* GogolookExamTests.swift in Sources */ = {isa = PBXBuildFile; fileRef = EC6C2F412830BAFB0002E51D /* GogolookExamTests.swift */; };
		EC6C2F4C2830BAFB0002E51D /* GogolookExamUITests.swift in Sources */ = {isa = PBXBuildFile; fileRef = EC6C2F4B2830BAFB0002E51D /* GogolookExamUITests.swift */; };
		EC6C2F4E2830BAFB0002E51D /* GogolookExamUITestsLaunchTests.swift in Sources */ = {isa = PBXBuildFile; fileRef = EC6C2F4D2830BAFB0002E51D /* GogolookExamUITestsLaunchTests.swift */; };
		EC6C2F5C2830BBD90002E51D /* AnimeData.swift in Sources */ = {isa = PBXBuildFile; fileRef = EC6C2F5B2830BBD90002E51D /* AnimeData.swift */; };
		EC6C2F5E2830BC410002E51D /* AnimeTopResponse.swift in Sources */ = {isa = PBXBuildFile; fileRef = EC6C2F5D2830BC410002E51D /* AnimeTopResponse.swift */; };
		EC6C2F602830BCAB0002E51D /* Pagination.swift in Sources */ = {isa = PBXBuildFile; fileRef = EC6C2F5F2830BCAB0002E51D /* Pagination.swift */; };
		EC6C2F632830BCF10002E51D /* AnimeApiServiceType.swift in Sources */ = {isa = PBXBuildFile; fileRef = EC6C2F622830BCF10002E51D /* AnimeApiServiceType.swift */; };
		EC6C2F6A2830C5910002E51D /* ViewModelType.swift in Sources */ = {isa = PBXBuildFile; fileRef = EC6C2F692830C5910002E51D /* ViewModelType.swift */; };
		EC6C2F6C2830C5DE0002E51D /* ViewModel.swift in Sources */ = {isa = PBXBuildFile; fileRef = EC6C2F6B2830C5DE0002E51D /* ViewModel.swift */; };
		EC6C2F6F2830C6560002E51D /* Publisher+Utility.swift in Sources */ = {isa = PBXBuildFile; fileRef = EC6C2F6E2830C6560002E51D /* Publisher+Utility.swift */; };
		EC6C2F722830C9630002E51D /* Coordinator.swift in Sources */ = {isa = PBXBuildFile; fileRef = EC6C2F712830C9630002E51D /* Coordinator.swift */; };
		EC6C2F742830C9810002E51D /* MainCoordinator.swift in Sources */ = {isa = PBXBuildFile; fileRef = EC6C2F732830C9810002E51D /* MainCoordinator.swift */; };
		EC6C2F7C2830D4FB0002E51D /* MangaApiServiceType.swift in Sources */ = {isa = PBXBuildFile; fileRef = EC6C2F7B2830D4FB0002E51D /* MangaApiServiceType.swift */; };
		EC6C2F822830D6980002E51D /* MangaTopResponse.swift in Sources */ = {isa = PBXBuildFile; fileRef = EC6C2F812830D6980002E51D /* MangaTopResponse.swift */; };
		EC78D87D2831E2BB0014A54A /* ItemListViewController.swift in Sources */ = {isa = PBXBuildFile; fileRef = EC78D87C2831E2BB0014A54A /* ItemListViewController.swift */; };
		EC78D8802831E3A90014A54A /* SegmentView.swift in Sources */ = {isa = PBXBuildFile; fileRef = EC78D87F2831E3A90014A54A /* SegmentView.swift */; };
		EC78D8822831F6BA0014A54A /* TableView+Extension.swift in Sources */ = {isa = PBXBuildFile; fileRef = EC78D8812831F6BA0014A54A /* TableView+Extension.swift */; };
		EC78D8842831F6D50014A54A /* ItemTableViewCell.swift in Sources */ = {isa = PBXBuildFile; fileRef = EC78D8832831F6D50014A54A /* ItemTableViewCell.swift */; };
		EC78D8862831FB6E0014A54A /* ItemListViewControllerProvider.swift in Sources */ = {isa = PBXBuildFile; fileRef = EC78D8852831FB6E0014A54A /* ItemListViewControllerProvider.swift */; };
		EC78D8882831FDD60014A54A /* AnimeData+ItemTableViewCellConfigurable.swift in Sources */ = {isa = PBXBuildFile; fileRef = EC78D8872831FDD60014A54A /* AnimeData+ItemTableViewCellConfigurable.swift */; };
		EC78D88A283201360014A54A /* Date+Extension.swift in Sources */ = {isa = PBXBuildFile; fileRef = EC78D889283201360014A54A /* Date+Extension.swift */; };
		EC78D88C283206E20014A54A /* OptionsSelectView.swift in Sources */ = {isa = PBXBuildFile; fileRef = EC78D88B283206E20014A54A /* OptionsSelectView.swift */; };
		EC78D88E283207030014A54A /* OptionSegmentView.swift in Sources */ = {isa = PBXBuildFile; fileRef = EC78D88D283207030014A54A /* OptionSegmentView.swift */; };
		EC78D8902832091F0014A54A /* Array+Extension.swift in Sources */ = {isa = PBXBuildFile; fileRef = EC78D88F2832091F0014A54A /* Array+Extension.swift */; };
		EC78D89228320CDD0014A54A /* ItemRequestType.swift in Sources */ = {isa = PBXBuildFile; fileRef = EC78D89128320CDD0014A54A /* ItemRequestType.swift */; };
		EC78D89428320E310014A54A /* ItemRequest.swift in Sources */ = {isa = PBXBuildFile; fileRef = EC78D89328320E310014A54A /* ItemRequest.swift */; };
		EC78D896283224560014A54A /* AnimeType.swift in Sources */ = {isa = PBXBuildFile; fileRef = EC78D895283224560014A54A /* AnimeType.swift */; };
		EC78D898283224650014A54A /* AnimeFilter.swift in Sources */ = {isa = PBXBuildFile; fileRef = EC78D897283224650014A54A /* AnimeFilter.swift */; };
		EC78D89A283224890014A54A /* MangaType.swift in Sources */ = {isa = PBXBuildFile; fileRef = EC78D899283224890014A54A /* MangaType.swift */; };
		EC78D89C2832249A0014A54A /* MangaFilter.swift in Sources */ = {isa = PBXBuildFile; fileRef = EC78D89B2832249A0014A54A /* MangaFilter.swift */; };
		EC78D89F283225C60014A54A /* ItemListType.swift in Sources */ = {isa = PBXBuildFile; fileRef = EC78D89E283225C60014A54A /* ItemListType.swift */; };
		EC78D8A128322AC00014A54A /* ItemApiService.swift in Sources */ = {isa = PBXBuildFile; fileRef = EC78D8A028322AC00014A54A /* ItemApiService.swift */; };
		EC78D8A4283230EB0014A54A /* OptionsSelectTableViewCell.swift in Sources */ = {isa = PBXBuildFile; fileRef = EC78D8A3283230EB0014A54A /* OptionsSelectTableViewCell.swift */; };
		EC78D8A628323BDD0014A54A /* ItemRequestState.swift in Sources */ = {isa = PBXBuildFile; fileRef = EC78D8A528323BDD0014A54A /* ItemRequestState.swift */; };
		ECAC43E628333C6E00137EEA /* MangaData.swift in Sources */ = {isa = PBXBuildFile; fileRef = ECAC43E528333C6E00137EEA /* MangaData.swift */; };
		ECAC43E828333D1F00137EEA /* MangaData+ItemTableViewCellConfigurable.swift in Sources */ = {isa = PBXBuildFile; fileRef = ECAC43E728333D1F00137EEA /* MangaData+ItemTableViewCellConfigurable.swift */; };
		ECD6296728339BC0008684D7 /* FavoriteModel.xcdatamodeld in Sources */ = {isa = PBXBuildFile; fileRef = ECD6296528339BC0008684D7 /* FavoriteModel.xcdatamodeld */; };
		ECD6296928339D4B008684D7 /* CoreDataStore.swift in Sources */ = {isa = PBXBuildFile; fileRef = ECD6296828339D4B008684D7 /* CoreDataStore.swift */; };
		ECD6297928339FA4008684D7 /* ItemEntity+CoreDataClass.swift in Sources */ = {isa = PBXBuildFile; fileRef = ECD6297728339FA4008684D7 /* ItemEntity+CoreDataClass.swift */; };
		ECD6297A28339FA4008684D7 /* ItemEntity+CoreDataProperties.swift in Sources */ = {isa = PBXBuildFile; fileRef = ECD6297828339FA4008684D7 /* ItemEntity+CoreDataProperties.swift */; };
		ECD6297C2833AE89008684D7 /* FavoriteItemCacheService.swift in Sources */ = {isa = PBXBuildFile; fileRef = ECD6297B2833AE89008684D7 /* FavoriteItemCacheService.swift */; };
		ECD629822833B46D008684D7 /* FavoriteItemCacheServiceType.swift in Sources */ = {isa = PBXBuildFile; fileRef = ECD629812833B46D008684D7 /* FavoriteItemCacheServiceType.swift */; };
		ECD629852833D724008684D7 /* FavoriteItem.swift in Sources */ = {isa = PBXBuildFile; fileRef = ECD629842833D724008684D7 /* FavoriteItem.swift */; };
		ECD629872833D9E9008684D7 /* FavoriteItem+ItemTableViewCellConfigurable.swift in Sources */ = {isa = PBXBuildFile; fileRef = ECD629862833D9E9008684D7 /* FavoriteItem+ItemTableViewCellConfigurable.swift */; };
		ECD629892833DA2F008684D7 /* String+Extension.swift in Sources */ = {isa = PBXBuildFile; fileRef = ECD629882833DA2F008684D7 /* String+Extension.swift */; };
/* End PBXBuildFile section */

/* Begin PBXContainerItemProxy section */
		EC6C2F3E2830BAFB0002E51D /* PBXContainerItemProxy */ = {
			isa = PBXContainerItemProxy;
			containerPortal = EC6C2F1F2830BAFA0002E51D /* Project object */;
			proxyType = 1;
			remoteGlobalIDString = EC6C2F262830BAFA0002E51D;
			remoteInfo = GogolookExam;
		};
		EC6C2F482830BAFB0002E51D /* PBXContainerItemProxy */ = {
			isa = PBXContainerItemProxy;
			containerPortal = EC6C2F1F2830BAFA0002E51D /* Project object */;
			proxyType = 1;
			remoteGlobalIDString = EC6C2F262830BAFA0002E51D;
			remoteInfo = GogolookExam;
		};
/* End PBXContainerItemProxy section */

/* Begin PBXFileReference section */
		15F9F89391B8FC0894078028 /* Pods-GogolookExam.debug.xcconfig */ = {isa = PBXFileReference; includeInIndex = 1; lastKnownFileType = text.xcconfig; name = "Pods-GogolookExam.debug.xcconfig"; path = "Target Support Files/Pods-GogolookExam/Pods-GogolookExam.debug.xcconfig"; sourceTree = "<group>"; };
		5C64A59C3C31999AC23A0D7A /* Pods-GogolookExam.release.xcconfig */ = {isa = PBXFileReference; includeInIndex = 1; lastKnownFileType = text.xcconfig; name = "Pods-GogolookExam.release.xcconfig"; path = "Target Support Files/Pods-GogolookExam/Pods-GogolookExam.release.xcconfig"; sourceTree = "<group>"; };
		60738C61D677CE99ECCF3A41 /* Pods-GogolookExamTests.release.xcconfig */ = {isa = PBXFileReference; includeInIndex = 1; lastKnownFileType = text.xcconfig; name = "Pods-GogolookExamTests.release.xcconfig"; path = "Target Support Files/Pods-GogolookExamTests/Pods-GogolookExamTests.release.xcconfig"; sourceTree = "<group>"; };
		8F50F896CC7239DCC9EC1131 /* Pods-GogolookExam-GogolookExamUITests.release.xcconfig */ = {isa = PBXFileReference; includeInIndex = 1; lastKnownFileType = text.xcconfig; name = "Pods-GogolookExam-GogolookExamUITests.release.xcconfig"; path = "Target Support Files/Pods-GogolookExam-GogolookExamUITests/Pods-GogolookExam-GogolookExamUITests.release.xcconfig"; sourceTree = "<group>"; };
		B6110D93977F7CEC691B2246 /* Pods_GogolookExamTests.framework */ = {isa = PBXFileReference; explicitFileType = wrapper.framework; includeInIndex = 0; path = Pods_GogolookExamTests.framework; sourceTree = BUILT_PRODUCTS_DIR; };
		C0EFDC9E238DAA2341AC6468 /* Pods-GogolookExam-GogolookExamUITests.debug.xcconfig */ = {isa = PBXFileReference; includeInIndex = 1; lastKnownFileType = text.xcconfig; name = "Pods-GogolookExam-GogolookExamUITests.debug.xcconfig"; path = "Target Support Files/Pods-GogolookExam-GogolookExamUITests/Pods-GogolookExam-GogolookExamUITests.debug.xcconfig"; sourceTree = "<group>"; };
		C58204E002B73F7F65036BCB /* Pods_GogolookExam_GogolookExamUITests.framework */ = {isa = PBXFileReference; explicitFileType = wrapper.framework; includeInIndex = 0; path = Pods_GogolookExam_GogolookExamUITests.framework; sourceTree = BUILT_PRODUCTS_DIR; };
		E4DE419F8AE33AA4E63D4087 /* Pods_GogolookExam.framework */ = {isa = PBXFileReference; explicitFileType = wrapper.framework; includeInIndex = 0; path = Pods_GogolookExam.framework; sourceTree = BUILT_PRODUCTS_DIR; };
		E99E4AD8A4282427A3449CCE /* Pods-GogolookExamTests.debug.xcconfig */ = {isa = PBXFileReference; includeInIndex = 1; lastKnownFileType = text.xcconfig; name = "Pods-GogolookExamTests.debug.xcconfig"; path = "Target Support Files/Pods-GogolookExamTests/Pods-GogolookExamTests.debug.xcconfig"; sourceTree = "<group>"; };
		EC3F706F2834CD9F0013E326 /* ApiServiceTest.swift */ = {isa = PBXFileReference; lastKnownFileType = sourcecode.swift; path = ApiServiceTest.swift; sourceTree = "<group>"; };
		EC3F70712834DD1A0013E326 /* ItemListViewControllerTest.swift */ = {isa = PBXFileReference; lastKnownFileType = sourcecode.swift; path = ItemListViewControllerTest.swift; sourceTree = "<group>"; };
		EC3F70732834E3DD0013E326 /* HandleItemCacheViewModelTypeTest.swift */ = {isa = PBXFileReference; lastKnownFileType = sourcecode.swift; path = HandleItemCacheViewModelTypeTest.swift; sourceTree = "<group>"; };
		EC6C2F272830BAFA0002E51D /* GogolookExam.app */ = {isa = PBXFileReference; explicitFileType = wrapper.application; includeInIndex = 0; path = GogolookExam.app; sourceTree = BUILT_PRODUCTS_DIR; };
		EC6C2F2A2830BAFA0002E51D /* AppDelegate.swift */ = {isa = PBXFileReference; lastKnownFileType = sourcecode.swift; path = AppDelegate.swift; sourceTree = "<group>"; };
		EC6C2F2C2830BAFA0002E51D /* SceneDelegate.swift */ = {isa = PBXFileReference; lastKnownFileType = sourcecode.swift; path = SceneDelegate.swift; sourceTree = "<group>"; };
		EC6C2F332830BAFB0002E51D /* Assets.xcassets */ = {isa = PBXFileReference; lastKnownFileType = folder.assetcatalog; path = Assets.xcassets; sourceTree = "<group>"; };
		EC6C2F362830BAFB0002E51D /* Base */ = {isa = PBXFileReference; lastKnownFileType = file.storyboard; name = Base; path = Base.lproj/LaunchScreen.storyboard; sourceTree = "<group>"; };
		EC6C2F382830BAFB0002E51D /* Info.plist */ = {isa = PBXFileReference; lastKnownFileType = text.plist.xml; path = Info.plist; sourceTree = "<group>"; };
		EC6C2F3D2830BAFB0002E51D /* GogolookExamTests.xctest */ = {isa = PBXFileReference; explicitFileType = wrapper.cfbundle; includeInIndex = 0; path = GogolookExamTests.xctest; sourceTree = BUILT_PRODUCTS_DIR; };
		EC6C2F412830BAFB0002E51D /* GogolookExamTests.swift */ = {isa = PBXFileReference; lastKnownFileType = sourcecode.swift; path = GogolookExamTests.swift; sourceTree = "<group>"; };
		EC6C2F472830BAFB0002E51D /* GogolookExamUITests.xctest */ = {isa = PBXFileReference; explicitFileType = wrapper.cfbundle; includeInIndex = 0; path = GogolookExamUITests.xctest; sourceTree = BUILT_PRODUCTS_DIR; };
		EC6C2F4B2830BAFB0002E51D /* GogolookExamUITests.swift */ = {isa = PBXFileReference; lastKnownFileType = sourcecode.swift; path = GogolookExamUITests.swift; sourceTree = "<group>"; };
		EC6C2F4D2830BAFB0002E51D /* GogolookExamUITestsLaunchTests.swift */ = {isa = PBXFileReference; lastKnownFileType = sourcecode.swift; path = GogolookExamUITestsLaunchTests.swift; sourceTree = "<group>"; };
		EC6C2F5B2830BBD90002E51D /* AnimeData.swift */ = {isa = PBXFileReference; lastKnownFileType = sourcecode.swift; path = AnimeData.swift; sourceTree = "<group>"; };
		EC6C2F5D2830BC410002E51D /* AnimeTopResponse.swift */ = {isa = PBXFileReference; lastKnownFileType = sourcecode.swift; path = AnimeTopResponse.swift; sourceTree = "<group>"; };
		EC6C2F5F2830BCAB0002E51D /* Pagination.swift */ = {isa = PBXFileReference; lastKnownFileType = sourcecode.swift; path = Pagination.swift; sourceTree = "<group>"; };
		EC6C2F622830BCF10002E51D /* AnimeApiServiceType.swift */ = {isa = PBXFileReference; lastKnownFileType = sourcecode.swift; path = AnimeApiServiceType.swift; sourceTree = "<group>"; };
		EC6C2F692830C5910002E51D /* ViewModelType.swift */ = {isa = PBXFileReference; lastKnownFileType = sourcecode.swift; path = ViewModelType.swift; sourceTree = "<group>"; };
		EC6C2F6B2830C5DE0002E51D /* ViewModel.swift */ = {isa = PBXFileReference; lastKnownFileType = sourcecode.swift; path = ViewModel.swift; sourceTree = "<group>"; };
		EC6C2F6E2830C6560002E51D /* Publisher+Utility.swift */ = {isa = PBXFileReference; lastKnownFileType = sourcecode.swift; path = "Publisher+Utility.swift"; sourceTree = "<group>"; };
		EC6C2F712830C9630002E51D /* Coordinator.swift */ = {isa = PBXFileReference; lastKnownFileType = sourcecode.swift; path = Coordinator.swift; sourceTree = "<group>"; };
		EC6C2F732830C9810002E51D /* MainCoordinator.swift */ = {isa = PBXFileReference; lastKnownFileType = sourcecode.swift; path = MainCoordinator.swift; sourceTree = "<group>"; };
		EC6C2F7B2830D4FB0002E51D /* MangaApiServiceType.swift */ = {isa = PBXFileReference; lastKnownFileType = sourcecode.swift; path = MangaApiServiceType.swift; sourceTree = "<group>"; };
		EC6C2F812830D6980002E51D /* MangaTopResponse.swift */ = {isa = PBXFileReference; lastKnownFileType = sourcecode.swift; path = MangaTopResponse.swift; sourceTree = "<group>"; };
		EC78D87C2831E2BB0014A54A /* ItemListViewController.swift */ = {isa = PBXFileReference; lastKnownFileType = sourcecode.swift; path = ItemListViewController.swift; sourceTree = "<group>"; };
		EC78D87F2831E3A90014A54A /* SegmentView.swift */ = {isa = PBXFileReference; lastKnownFileType = sourcecode.swift; path = SegmentView.swift; sourceTree = "<group>"; };
		EC78D8812831F6BA0014A54A /* TableView+Extension.swift */ = {isa = PBXFileReference; lastKnownFileType = sourcecode.swift; path = "TableView+Extension.swift"; sourceTree = "<group>"; };
		EC78D8832831F6D50014A54A /* ItemTableViewCell.swift */ = {isa = PBXFileReference; lastKnownFileType = sourcecode.swift; path = ItemTableViewCell.swift; sourceTree = "<group>"; };
		EC78D8852831FB6E0014A54A /* ItemListViewControllerProvider.swift */ = {isa = PBXFileReference; lastKnownFileType = sourcecode.swift; path = ItemListViewControllerProvider.swift; sourceTree = "<group>"; };
		EC78D8872831FDD60014A54A /* AnimeData+ItemTableViewCellConfigurable.swift */ = {isa = PBXFileReference; lastKnownFileType = sourcecode.swift; path = "AnimeData+ItemTableViewCellConfigurable.swift"; sourceTree = "<group>"; };
		EC78D889283201360014A54A /* Date+Extension.swift */ = {isa = PBXFileReference; lastKnownFileType = sourcecode.swift; path = "Date+Extension.swift"; sourceTree = "<group>"; };
		EC78D88B283206E20014A54A /* OptionsSelectView.swift */ = {isa = PBXFileReference; lastKnownFileType = sourcecode.swift; path = OptionsSelectView.swift; sourceTree = "<group>"; };
		EC78D88D283207030014A54A /* OptionSegmentView.swift */ = {isa = PBXFileReference; lastKnownFileType = sourcecode.swift; path = OptionSegmentView.swift; sourceTree = "<group>"; };
		EC78D88F2832091F0014A54A /* Array+Extension.swift */ = {isa = PBXFileReference; lastKnownFileType = sourcecode.swift; path = "Array+Extension.swift"; sourceTree = "<group>"; };
		EC78D89128320CDD0014A54A /* ItemRequestType.swift */ = {isa = PBXFileReference; lastKnownFileType = sourcecode.swift; path = ItemRequestType.swift; sourceTree = "<group>"; };
		EC78D89328320E310014A54A /* ItemRequest.swift */ = {isa = PBXFileReference; lastKnownFileType = sourcecode.swift; path = ItemRequest.swift; sourceTree = "<group>"; };
		EC78D895283224560014A54A /* AnimeType.swift */ = {isa = PBXFileReference; lastKnownFileType = sourcecode.swift; path = AnimeType.swift; sourceTree = "<group>"; };
		EC78D897283224650014A54A /* AnimeFilter.swift */ = {isa = PBXFileReference; lastKnownFileType = sourcecode.swift; path = AnimeFilter.swift; sourceTree = "<group>"; };
		EC78D899283224890014A54A /* MangaType.swift */ = {isa = PBXFileReference; lastKnownFileType = sourcecode.swift; path = MangaType.swift; sourceTree = "<group>"; };
		EC78D89B2832249A0014A54A /* MangaFilter.swift */ = {isa = PBXFileReference; lastKnownFileType = sourcecode.swift; path = MangaFilter.swift; sourceTree = "<group>"; };
		EC78D89E283225C60014A54A /* ItemListType.swift */ = {isa = PBXFileReference; lastKnownFileType = sourcecode.swift; path = ItemListType.swift; sourceTree = "<group>"; };
		EC78D8A028322AC00014A54A /* ItemApiService.swift */ = {isa = PBXFileReference; lastKnownFileType = sourcecode.swift; path = ItemApiService.swift; sourceTree = "<group>"; };
		EC78D8A3283230EB0014A54A /* OptionsSelectTableViewCell.swift */ = {isa = PBXFileReference; lastKnownFileType = sourcecode.swift; path = OptionsSelectTableViewCell.swift; sourceTree = "<group>"; };
		EC78D8A528323BDD0014A54A /* ItemRequestState.swift */ = {isa = PBXFileReference; lastKnownFileType = sourcecode.swift; path = ItemRequestState.swift; sourceTree = "<group>"; };
		ECAC43E528333C6E00137EEA /* MangaData.swift */ = {isa = PBXFileReference; lastKnownFileType = sourcecode.swift; path = MangaData.swift; sourceTree = "<group>"; };
		ECAC43E728333D1F00137EEA /* MangaData+ItemTableViewCellConfigurable.swift */ = {isa = PBXFileReference; lastKnownFileType = sourcecode.swift; path = "MangaData+ItemTableViewCellConfigurable.swift"; sourceTree = "<group>"; };
		ECD6296628339BC0008684D7 /* FavoriteModel.xcdatamodel */ = {isa = PBXFileReference; lastKnownFileType = wrapper.xcdatamodel; path = FavoriteModel.xcdatamodel; sourceTree = "<group>"; };
		ECD6296828339D4B008684D7 /* CoreDataStore.swift */ = {isa = PBXFileReference; lastKnownFileType = sourcecode.swift; path = CoreDataStore.swift; sourceTree = "<group>"; };
		ECD6297728339FA4008684D7 /* ItemEntity+CoreDataClass.swift */ = {isa = PBXFileReference; fileEncoding = 4; lastKnownFileType = sourcecode.swift; path = "ItemEntity+CoreDataClass.swift"; sourceTree = "<group>"; };
		ECD6297828339FA4008684D7 /* ItemEntity+CoreDataProperties.swift */ = {isa = PBXFileReference; fileEncoding = 4; lastKnownFileType = sourcecode.swift; path = "ItemEntity+CoreDataProperties.swift"; sourceTree = "<group>"; };
		ECD6297B2833AE89008684D7 /* FavoriteItemCacheService.swift */ = {isa = PBXFileReference; lastKnownFileType = sourcecode.swift; path = FavoriteItemCacheService.swift; sourceTree = "<group>"; };
		ECD629812833B46D008684D7 /* FavoriteItemCacheServiceType.swift */ = {isa = PBXFileReference; lastKnownFileType = sourcecode.swift; path = FavoriteItemCacheServiceType.swift; sourceTree = "<group>"; };
		ECD629842833D724008684D7 /* FavoriteItem.swift */ = {isa = PBXFileReference; lastKnownFileType = sourcecode.swift; path = FavoriteItem.swift; sourceTree = "<group>"; };
		ECD629862833D9E9008684D7 /* FavoriteItem+ItemTableViewCellConfigurable.swift */ = {isa = PBXFileReference; lastKnownFileType = sourcecode.swift; path = "FavoriteItem+ItemTableViewCellConfigurable.swift"; sourceTree = "<group>"; };
		ECD629882833DA2F008684D7 /* String+Extension.swift */ = {isa = PBXFileReference; lastKnownFileType = sourcecode.swift; path = "String+Extension.swift"; sourceTree = "<group>"; };
/* End PBXFileReference section */

/* Begin PBXFrameworksBuildPhase section */
		EC6C2F242830BAFA0002E51D /* Frameworks */ = {
			isa = PBXFrameworksBuildPhase;
			buildActionMask = 2147483647;
			files = (
				75B60763B935E1DA9F3D8C36 /* Pods_GogolookExam.framework in Frameworks */,
			);
			runOnlyForDeploymentPostprocessing = 0;
		};
		EC6C2F3A2830BAFB0002E51D /* Frameworks */ = {
			isa = PBXFrameworksBuildPhase;
			buildActionMask = 2147483647;
			files = (
				A8F053C98C8362CDC391143D /* Pods_GogolookExamTests.framework in Frameworks */,
			);
			runOnlyForDeploymentPostprocessing = 0;
		};
		EC6C2F442830BAFB0002E51D /* Frameworks */ = {
			isa = PBXFrameworksBuildPhase;
			buildActionMask = 2147483647;
			files = (
				43D30141D26B4764D74253EE /* Pods_GogolookExam_GogolookExamUITests.framework in Frameworks */,
			);
			runOnlyForDeploymentPostprocessing = 0;
		};
/* End PBXFrameworksBuildPhase section */

/* Begin PBXGroup section */
		5D35E81A7B3873DB7EF31F43 /* Pods */ = {
			isa = PBXGroup;
			children = (
				15F9F89391B8FC0894078028 /* Pods-GogolookExam.debug.xcconfig */,
				5C64A59C3C31999AC23A0D7A /* Pods-GogolookExam.release.xcconfig */,
				C0EFDC9E238DAA2341AC6468 /* Pods-GogolookExam-GogolookExamUITests.debug.xcconfig */,
				8F50F896CC7239DCC9EC1131 /* Pods-GogolookExam-GogolookExamUITests.release.xcconfig */,
				E99E4AD8A4282427A3449CCE /* Pods-GogolookExamTests.debug.xcconfig */,
				60738C61D677CE99ECCF3A41 /* Pods-GogolookExamTests.release.xcconfig */,
			);
			path = Pods;
			sourceTree = "<group>";
		};
		706D3D832A0704F532A4A647 /* Frameworks */ = {
			isa = PBXGroup;
			children = (
				E4DE419F8AE33AA4E63D4087 /* Pods_GogolookExam.framework */,
				C58204E002B73F7F65036BCB /* Pods_GogolookExam_GogolookExamUITests.framework */,
				B6110D93977F7CEC691B2246 /* Pods_GogolookExamTests.framework */,
			);
			name = Frameworks;
			sourceTree = "<group>";
		};
		EC6C2F1E2830BAFA0002E51D = {
			isa = PBXGroup;
			children = (
				EC6C2F292830BAFA0002E51D /* GogolookExam */,
				EC6C2F402830BAFB0002E51D /* GogolookExamTests */,
				EC6C2F4A2830BAFB0002E51D /* GogolookExamUITests */,
				EC6C2F282830BAFA0002E51D /* Products */,
				5D35E81A7B3873DB7EF31F43 /* Pods */,
				706D3D832A0704F532A4A647 /* Frameworks */,
			);
			sourceTree = "<group>";
		};
		EC6C2F282830BAFA0002E51D /* Products */ = {
			isa = PBXGroup;
			children = (
				EC6C2F272830BAFA0002E51D /* GogolookExam.app */,
				EC6C2F3D2830BAFB0002E51D /* GogolookExamTests.xctest */,
				EC6C2F472830BAFB0002E51D /* GogolookExamUITests.xctest */,
			);
			name = Products;
			sourceTree = "<group>";
		};
		EC6C2F292830BAFA0002E51D /* GogolookExam */ = {
			isa = PBXGroup;
			children = (
				EC6C2F2A2830BAFA0002E51D /* AppDelegate.swift */,
				EC6C2F2C2830BAFA0002E51D /* SceneDelegate.swift */,
				EC6C2F752830CA160002E51D /* Provider */,
				EC6C2F782830CAAF0002E51D /* ViewControllers */,
				EC6C2F612830BCD90002E51D /* Service */,
				EC6C2F5A2830BB7C0002E51D /* Model */,
				EC6C2F682830C5810002E51D /* ViewModel */,
				EC78D87E2831E38D0014A54A /* View */,
				EC6C2F6D2830C6390002E51D /* Utility */,
				EC6C2F702830C93F0002E51D /* Coordinator */,
				EC6C2F332830BAFB0002E51D /* Assets.xcassets */,
				EC6C2F352830BAFB0002E51D /* LaunchScreen.storyboard */,
				EC6C2F382830BAFB0002E51D /* Info.plist */,
				ECD6296528339BC0008684D7 /* FavoriteModel.xcdatamodeld */,
			);
			path = GogolookExam;
			sourceTree = "<group>";
		};
		EC6C2F402830BAFB0002E51D /* GogolookExamTests */ = {
			isa = PBXGroup;
			children = (
				EC3F70732834E3DD0013E326 /* HandleItemCacheViewModelTypeTest.swift */,
				EC3F70712834DD1A0013E326 /* ItemListViewControllerTest.swift */,
				EC3F706F2834CD9F0013E326 /* ApiServiceTest.swift */,
				EC6C2F412830BAFB0002E51D /* GogolookExamTests.swift */,
			);
			path = GogolookExamTests;
			sourceTree = "<group>";
		};
		EC6C2F4A2830BAFB0002E51D /* GogolookExamUITests */ = {
			isa = PBXGroup;
			children = (
				EC6C2F4B2830BAFB0002E51D /* GogolookExamUITests.swift */,
				EC6C2F4D2830BAFB0002E51D /* GogolookExamUITestsLaunchTests.swift */,
			);
			path = GogolookExamUITests;
			sourceTree = "<group>";
		};
		EC6C2F5A2830BB7C0002E51D /* Model */ = {
			isa = PBXGroup;
			children = (
				EC78D89128320CDD0014A54A /* ItemRequestType.swift */,
				EC78D89328320E310014A54A /* ItemRequest.swift */,
				EC78D89E283225C60014A54A /* ItemListType.swift */,
				EC78D8A528323BDD0014A54A /* ItemRequestState.swift */,
				EC6C2F5F2830BCAB0002E51D /* Pagination.swift */,
				ECD6296E28339E5D008684D7 /* Entity */,
				EC6C2F7E2830D5D20002E51D /* Manga */,
				EC6C2F7D2830D58E0002E51D /* Anime */,
				ECD629832833D70B008684D7 /* Favorite */,
			);
			path = Model;
			sourceTree = "<group>";
		};
		EC6C2F612830BCD90002E51D /* Service */ = {
			isa = PBXGroup;
			children = (
				ECD6296828339D4B008684D7 /* CoreDataStore.swift */,
				ECD6298A2833E02F008684D7 /* API */,
				ECD6298B2833E03E008684D7 /* FavoriteItemCacheServiceType */,
			);
			path = Service;
			sourceTree = "<group>";
		};
		EC6C2F682830C5810002E51D /* ViewModel */ = {
			isa = PBXGroup;
			children = (
				EC6C2F692830C5910002E51D /* ViewModelType.swift */,
				EC6C2F6B2830C5DE0002E51D /* ViewModel.swift */,
			);
			path = ViewModel;
			sourceTree = "<group>";
		};
		EC6C2F6D2830C6390002E51D /* Utility */ = {
			isa = PBXGroup;
			children = (
				EC6C2F6E2830C6560002E51D /* Publisher+Utility.swift */,
				EC78D8812831F6BA0014A54A /* TableView+Extension.swift */,
				EC78D889283201360014A54A /* Date+Extension.swift */,
				EC78D88F2832091F0014A54A /* Array+Extension.swift */,
				ECD629882833DA2F008684D7 /* String+Extension.swift */,
			);
			path = Utility;
			sourceTree = "<group>";
		};
		EC6C2F702830C93F0002E51D /* Coordinator */ = {
			isa = PBXGroup;
			children = (
				EC6C2F712830C9630002E51D /* Coordinator.swift */,
				EC6C2F732830C9810002E51D /* MainCoordinator.swift */,
			);
			path = Coordinator;
			sourceTree = "<group>";
		};
		EC6C2F752830CA160002E51D /* Provider */ = {
			isa = PBXGroup;
			children = (
				EC78D8852831FB6E0014A54A /* ItemListViewControllerProvider.swift */,
			);
			path = Provider;
			sourceTree = "<group>";
		};
		EC6C2F782830CAAF0002E51D /* ViewControllers */ = {
			isa = PBXGroup;
			children = (
				EC78D87C2831E2BB0014A54A /* ItemListViewController.swift */,
			);
			path = ViewControllers;
			sourceTree = "<group>";
		};
		EC6C2F7D2830D58E0002E51D /* Anime */ = {
			isa = PBXGroup;
			children = (
				EC6C2F5D2830BC410002E51D /* AnimeTopResponse.swift */,
				EC6C2F5B2830BBD90002E51D /* AnimeData.swift */,
				EC78D8872831FDD60014A54A /* AnimeData+ItemTableViewCellConfigurable.swift */,
				EC78D895283224560014A54A /* AnimeType.swift */,
				EC78D897283224650014A54A /* AnimeFilter.swift */,
			);
			path = Anime;
			sourceTree = "<group>";
		};
		EC6C2F7E2830D5D20002E51D /* Manga */ = {
			isa = PBXGroup;
			children = (
				EC6C2F812830D6980002E51D /* MangaTopResponse.swift */,
				ECAC43E528333C6E00137EEA /* MangaData.swift */,
				ECAC43E728333D1F00137EEA /* MangaData+ItemTableViewCellConfigurable.swift */,
				EC78D899283224890014A54A /* MangaType.swift */,
				EC78D89B2832249A0014A54A /* MangaFilter.swift */,
			);
			path = Manga;
			sourceTree = "<group>";
		};
		EC78D87E2831E38D0014A54A /* View */ = {
			isa = PBXGroup;
			children = (
				EC78D87F2831E3A90014A54A /* SegmentView.swift */,
				EC78D88D283207030014A54A /* OptionSegmentView.swift */,
				EC78D8A2283230D80014A54A /* OptionsSelectView */,
				EC78D8832831F6D50014A54A /* ItemTableViewCell.swift */,
			);
			path = View;
			sourceTree = "<group>";
		};
		EC78D8A2283230D80014A54A /* OptionsSelectView */ = {
			isa = PBXGroup;
			children = (
				EC78D88B283206E20014A54A /* OptionsSelectView.swift */,
				EC78D8A3283230EB0014A54A /* OptionsSelectTableViewCell.swift */,
			);
			path = OptionsSelectView;
			sourceTree = "<group>";
		};
		ECD6296E28339E5D008684D7 /* Entity */ = {
			isa = PBXGroup;
			children = (
				ECD6297728339FA4008684D7 /* ItemEntity+CoreDataClass.swift */,
				ECD6297828339FA4008684D7 /* ItemEntity+CoreDataProperties.swift */,
			);
			path = Entity;
			sourceTree = "<group>";
		};
		ECD629832833D70B008684D7 /* Favorite */ = {
			isa = PBXGroup;
			children = (
				ECD629842833D724008684D7 /* FavoriteItem.swift */,
				ECD629862833D9E9008684D7 /* FavoriteItem+ItemTableViewCellConfigurable.swift */,
			);
			path = Favorite;
			sourceTree = "<group>";
		};
		ECD6298A2833E02F008684D7 /* API */ = {
			isa = PBXGroup;
			children = (
				EC6C2F622830BCF10002E51D /* AnimeApiServiceType.swift */,
				EC6C2F7B2830D4FB0002E51D /* MangaApiServiceType.swift */,
				EC78D8A028322AC00014A54A /* ItemApiService.swift */,
			);
			path = API;
			sourceTree = "<group>";
		};
		ECD6298B2833E03E008684D7 /* FavoriteItemCacheServiceType */ = {
			isa = PBXGroup;
			children = (
				ECD629812833B46D008684D7 /* FavoriteItemCacheServiceType.swift */,
				ECD6297B2833AE89008684D7 /* FavoriteItemCacheService.swift */,
			);
			path = FavoriteItemCacheServiceType;
			sourceTree = "<group>";
		};
/* End PBXGroup section */

/* Begin PBXNativeTarget section */
		EC6C2F262830BAFA0002E51D /* GogolookExam */ = {
			isa = PBXNativeTarget;
			buildConfigurationList = EC6C2F512830BAFB0002E51D /* Build configuration list for PBXNativeTarget "GogolookExam" */;
			buildPhases = (
				400E26D632CFCDBB640BBDB6 /* [CP] Check Pods Manifest.lock */,
				EC6C2F232830BAFA0002E51D /* Sources */,
				EC6C2F242830BAFA0002E51D /* Frameworks */,
				EC6C2F252830BAFA0002E51D /* Resources */,
				A6536FF07DD562490551BAC0 /* [CP] Embed Pods Frameworks */,
			);
			buildRules = (
			);
			dependencies = (
			);
			name = GogolookExam;
			productName = GogolookExam;
			productReference = EC6C2F272830BAFA0002E51D /* GogolookExam.app */;
			productType = "com.apple.product-type.application";
		};
		EC6C2F3C2830BAFB0002E51D /* GogolookExamTests */ = {
			isa = PBXNativeTarget;
			buildConfigurationList = EC6C2F542830BAFB0002E51D /* Build configuration list for PBXNativeTarget "GogolookExamTests" */;
			buildPhases = (
				C44DC417E248F15B19168F37 /* [CP] Check Pods Manifest.lock */,
				EC6C2F392830BAFB0002E51D /* Sources */,
				EC6C2F3A2830BAFB0002E51D /* Frameworks */,
				EC6C2F3B2830BAFB0002E51D /* Resources */,
			);
			buildRules = (
			);
			dependencies = (
				EC6C2F3F2830BAFB0002E51D /* PBXTargetDependency */,
			);
			name = GogolookExamTests;
			productName = GogolookExamTests;
			productReference = EC6C2F3D2830BAFB0002E51D /* GogolookExamTests.xctest */;
			productType = "com.apple.product-type.bundle.unit-test";
		};
		EC6C2F462830BAFB0002E51D /* GogolookExamUITests */ = {
			isa = PBXNativeTarget;
			buildConfigurationList = EC6C2F572830BAFB0002E51D /* Build configuration list for PBXNativeTarget "GogolookExamUITests" */;
			buildPhases = (
				F8C2E2027FD5D54F6E190B76 /* [CP] Check Pods Manifest.lock */,
				EC6C2F432830BAFB0002E51D /* Sources */,
				EC6C2F442830BAFB0002E51D /* Frameworks */,
				EC6C2F452830BAFB0002E51D /* Resources */,
				B433D4C4B7926225B350ED5B /* [CP] Embed Pods Frameworks */,
			);
			buildRules = (
			);
			dependencies = (
				EC6C2F492830BAFB0002E51D /* PBXTargetDependency */,
			);
			name = GogolookExamUITests;
			productName = GogolookExamUITests;
			productReference = EC6C2F472830BAFB0002E51D /* GogolookExamUITests.xctest */;
			productType = "com.apple.product-type.bundle.ui-testing";
		};
/* End PBXNativeTarget section */

/* Begin PBXProject section */
		EC6C2F1F2830BAFA0002E51D /* Project object */ = {
			isa = PBXProject;
			attributes = {
				BuildIndependentTargetsInParallel = 1;
				LastSwiftUpdateCheck = 1320;
				LastUpgradeCheck = 1320;
				TargetAttributes = {
					EC6C2F262830BAFA0002E51D = {
						CreatedOnToolsVersion = 13.2.1;
					};
					EC6C2F3C2830BAFB0002E51D = {
						CreatedOnToolsVersion = 13.2.1;
						TestTargetID = EC6C2F262830BAFA0002E51D;
					};
					EC6C2F462830BAFB0002E51D = {
						CreatedOnToolsVersion = 13.2.1;
						TestTargetID = EC6C2F262830BAFA0002E51D;
					};
				};
			};
			buildConfigurationList = EC6C2F222830BAFA0002E51D /* Build configuration list for PBXProject "GogolookExam" */;
			compatibilityVersion = "Xcode 13.0";
			developmentRegion = en;
			hasScannedForEncodings = 0;
			knownRegions = (
				en,
				Base,
			);
			mainGroup = EC6C2F1E2830BAFA0002E51D;
			productRefGroup = EC6C2F282830BAFA0002E51D /* Products */;
			projectDirPath = "";
			projectRoot = "";
			targets = (
				EC6C2F262830BAFA0002E51D /* GogolookExam */,
				EC6C2F3C2830BAFB0002E51D /* GogolookExamTests */,
				EC6C2F462830BAFB0002E51D /* GogolookExamUITests */,
			);
		};
/* End PBXProject section */

/* Begin PBXResourcesBuildPhase section */
		EC6C2F252830BAFA0002E51D /* Resources */ = {
			isa = PBXResourcesBuildPhase;
			buildActionMask = 2147483647;
			files = (
				EC6C2F372830BAFB0002E51D /* LaunchScreen.storyboard in Resources */,
				EC6C2F342830BAFB0002E51D /* Assets.xcassets in Resources */,
			);
			runOnlyForDeploymentPostprocessing = 0;
		};
		EC6C2F3B2830BAFB0002E51D /* Resources */ = {
			isa = PBXResourcesBuildPhase;
			buildActionMask = 2147483647;
			files = (
			);
			runOnlyForDeploymentPostprocessing = 0;
		};
		EC6C2F452830BAFB0002E51D /* Resources */ = {
			isa = PBXResourcesBuildPhase;
			buildActionMask = 2147483647;
			files = (
			);
			runOnlyForDeploymentPostprocessing = 0;
		};
/* End PBXResourcesBuildPhase section */

/* Begin PBXShellScriptBuildPhase section */
		400E26D632CFCDBB640BBDB6 /* [CP] Check Pods Manifest.lock */ = {
			isa = PBXShellScriptBuildPhase;
			buildActionMask = 2147483647;
			files = (
			);
			inputFileListPaths = (
			);
			inputPaths = (
				"${PODS_PODFILE_DIR_PATH}/Podfile.lock",
				"${PODS_ROOT}/Manifest.lock",
			);
			name = "[CP] Check Pods Manifest.lock";
			outputFileListPaths = (
			);
			outputPaths = (
				"$(DERIVED_FILE_DIR)/Pods-GogolookExam-checkManifestLockResult.txt",
			);
			runOnlyForDeploymentPostprocessing = 0;
			shellPath = /bin/sh;
			shellScript = "diff \"${PODS_PODFILE_DIR_PATH}/Podfile.lock\" \"${PODS_ROOT}/Manifest.lock\" > /dev/null\nif [ $? != 0 ] ; then\n    # print error to STDERR\n    echo \"error: The sandbox is not in sync with the Podfile.lock. Run 'pod install' or update your CocoaPods installation.\" >&2\n    exit 1\nfi\n# This output is used by Xcode 'outputs' to avoid re-running this script phase.\necho \"SUCCESS\" > \"${SCRIPT_OUTPUT_FILE_0}\"\n";
			showEnvVarsInLog = 0;
		};
		A6536FF07DD562490551BAC0 /* [CP] Embed Pods Frameworks */ = {
			isa = PBXShellScriptBuildPhase;
			buildActionMask = 2147483647;
			files = (
			);
			inputFileListPaths = (
				"${PODS_ROOT}/Target Support Files/Pods-GogolookExam/Pods-GogolookExam-frameworks-${CONFIGURATION}-input-files.xcfilelist",
			);
			name = "[CP] Embed Pods Frameworks";
			outputFileListPaths = (
				"${PODS_ROOT}/Target Support Files/Pods-GogolookExam/Pods-GogolookExam-frameworks-${CONFIGURATION}-output-files.xcfilelist",
			);
			runOnlyForDeploymentPostprocessing = 0;
			shellPath = /bin/sh;
			shellScript = "\"${PODS_ROOT}/Target Support Files/Pods-GogolookExam/Pods-GogolookExam-frameworks.sh\"\n";
			showEnvVarsInLog = 0;
		};
		B433D4C4B7926225B350ED5B /* [CP] Embed Pods Frameworks */ = {
			isa = PBXShellScriptBuildPhase;
			buildActionMask = 2147483647;
			files = (
			);
			inputFileListPaths = (
				"${PODS_ROOT}/Target Support Files/Pods-GogolookExam-GogolookExamUITests/Pods-GogolookExam-GogolookExamUITests-frameworks-${CONFIGURATION}-input-files.xcfilelist",
			);
			name = "[CP] Embed Pods Frameworks";
			outputFileListPaths = (
				"${PODS_ROOT}/Target Support Files/Pods-GogolookExam-GogolookExamUITests/Pods-GogolookExam-GogolookExamUITests-frameworks-${CONFIGURATION}-output-files.xcfilelist",
			);
			runOnlyForDeploymentPostprocessing = 0;
			shellPath = /bin/sh;
			shellScript = "\"${PODS_ROOT}/Target Support Files/Pods-GogolookExam-GogolookExamUITests/Pods-GogolookExam-GogolookExamUITests-frameworks.sh\"\n";
			showEnvVarsInLog = 0;
		};
		C44DC417E248F15B19168F37 /* [CP] Check Pods Manifest.lock */ = {
			isa = PBXShellScriptBuildPhase;
			buildActionMask = 2147483647;
			files = (
			);
			inputFileListPaths = (
			);
			inputPaths = (
				"${PODS_PODFILE_DIR_PATH}/Podfile.lock",
				"${PODS_ROOT}/Manifest.lock",
			);
			name = "[CP] Check Pods Manifest.lock";
			outputFileListPaths = (
			);
			outputPaths = (
				"$(DERIVED_FILE_DIR)/Pods-GogolookExamTests-checkManifestLockResult.txt",
			);
			runOnlyForDeploymentPostprocessing = 0;
			shellPath = /bin/sh;
			shellScript = "diff \"${PODS_PODFILE_DIR_PATH}/Podfile.lock\" \"${PODS_ROOT}/Manifest.lock\" > /dev/null\nif [ $? != 0 ] ; then\n    # print error to STDERR\n    echo \"error: The sandbox is not in sync with the Podfile.lock. Run 'pod install' or update your CocoaPods installation.\" >&2\n    exit 1\nfi\n# This output is used by Xcode 'outputs' to avoid re-running this script phase.\necho \"SUCCESS\" > \"${SCRIPT_OUTPUT_FILE_0}\"\n";
			showEnvVarsInLog = 0;
		};
		F8C2E2027FD5D54F6E190B76 /* [CP] Check Pods Manifest.lock */ = {
			isa = PBXShellScriptBuildPhase;
			buildActionMask = 2147483647;
			files = (
			);
			inputFileListPaths = (
			);
			inputPaths = (
				"${PODS_PODFILE_DIR_PATH}/Podfile.lock",
				"${PODS_ROOT}/Manifest.lock",
			);
			name = "[CP] Check Pods Manifest.lock";
			outputFileListPaths = (
			);
			outputPaths = (
				"$(DERIVED_FILE_DIR)/Pods-GogolookExam-GogolookExamUITests-checkManifestLockResult.txt",
			);
			runOnlyForDeploymentPostprocessing = 0;
			shellPath = /bin/sh;
			shellScript = "diff \"${PODS_PODFILE_DIR_PATH}/Podfile.lock\" \"${PODS_ROOT}/Manifest.lock\" > /dev/null\nif [ $? != 0 ] ; then\n    # print error to STDERR\n    echo \"error: The sandbox is not in sync with the Podfile.lock. Run 'pod install' or update your CocoaPods installation.\" >&2\n    exit 1\nfi\n# This output is used by Xcode 'outputs' to avoid re-running this script phase.\necho \"SUCCESS\" > \"${SCRIPT_OUTPUT_FILE_0}\"\n";
			showEnvVarsInLog = 0;
		};
/* End PBXShellScriptBuildPhase section */

/* Begin PBXSourcesBuildPhase section */
		EC6C2F232830BAFA0002E51D /* Sources */ = {
			isa = PBXSourcesBuildPhase;
			buildActionMask = 2147483647;
			files = (
				EC6C2F742830C9810002E51D /* MainCoordinator.swift in Sources */,
				EC78D88E283207030014A54A /* OptionSegmentView.swift in Sources */,
				EC6C2F2B2830BAFA0002E51D /* AppDelegate.swift in Sources */,
				ECD629822833B46D008684D7 /* FavoriteItemCacheServiceType.swift in Sources */,
				ECD629852833D724008684D7 /* FavoriteItem.swift in Sources */,
				EC6C2F722830C9630002E51D /* Coordinator.swift in Sources */,
				EC6C2F5C2830BBD90002E51D /* AnimeData.swift in Sources */,
				ECD6297C2833AE89008684D7 /* FavoriteItemCacheService.swift in Sources */,
				ECD6297928339FA4008684D7 /* ItemEntity+CoreDataClass.swift in Sources */,
				EC78D8842831F6D50014A54A /* ItemTableViewCell.swift in Sources */,
				EC78D898283224650014A54A /* AnimeFilter.swift in Sources */,
				EC78D8902832091F0014A54A /* Array+Extension.swift in Sources */,
				ECD629892833DA2F008684D7 /* String+Extension.swift in Sources */,
				EC78D88C283206E20014A54A /* OptionsSelectView.swift in Sources */,
				EC78D8822831F6BA0014A54A /* TableView+Extension.swift in Sources */,
				ECD629872833D9E9008684D7 /* FavoriteItem+ItemTableViewCellConfigurable.swift in Sources */,
				ECAC43E628333C6E00137EEA /* MangaData.swift in Sources */,
				EC78D8802831E3A90014A54A /* SegmentView.swift in Sources */,
				EC6C2F7C2830D4FB0002E51D /* MangaApiServiceType.swift in Sources */,
				EC6C2F6C2830C5DE0002E51D /* ViewModel.swift in Sources */,
				EC6C2F822830D6980002E51D /* MangaTopResponse.swift in Sources */,
				EC6C2F602830BCAB0002E51D /* Pagination.swift in Sources */,
				EC6C2F632830BCF10002E51D /* AnimeApiServiceType.swift in Sources */,
				EC6C2F5E2830BC410002E51D /* AnimeTopResponse.swift in Sources */,
				EC78D8862831FB6E0014A54A /* ItemListViewControllerProvider.swift in Sources */,
				EC78D87D2831E2BB0014A54A /* ItemListViewController.swift in Sources */,
				ECD6296928339D4B008684D7 /* CoreDataStore.swift in Sources */,
				EC78D89228320CDD0014A54A /* ItemRequestType.swift in Sources */,
				EC78D8A4283230EB0014A54A /* OptionsSelectTableViewCell.swift in Sources */,
				EC78D89C2832249A0014A54A /* MangaFilter.swift in Sources */,
				EC78D89428320E310014A54A /* ItemRequest.swift in Sources */,
				ECAC43E828333D1F00137EEA /* MangaData+ItemTableViewCellConfigurable.swift in Sources */,
				EC78D896283224560014A54A /* AnimeType.swift in Sources */,
				EC78D8A628323BDD0014A54A /* ItemRequestState.swift in Sources */,
				EC78D89A283224890014A54A /* MangaType.swift in Sources */,
				EC78D89F283225C60014A54A /* ItemListType.swift in Sources */,
				EC78D8A128322AC00014A54A /* ItemApiService.swift in Sources */,
				EC78D8882831FDD60014A54A /* AnimeData+ItemTableViewCellConfigurable.swift in Sources */,
				ECD6297A28339FA4008684D7 /* ItemEntity+CoreDataProperties.swift in Sources */,
				EC6C2F6A2830C5910002E51D /* ViewModelType.swift in Sources */,
				EC78D88A283201360014A54A /* Date+Extension.swift in Sources */,
				EC6C2F2D2830BAFA0002E51D /* SceneDelegate.swift in Sources */,
				EC6C2F6F2830C6560002E51D /* Publisher+Utility.swift in Sources */,
				ECD6296728339BC0008684D7 /* FavoriteModel.xcdatamodeld in Sources */,
			);
			runOnlyForDeploymentPostprocessing = 0;
		};
		EC6C2F392830BAFB0002E51D /* Sources */ = {
			isa = PBXSourcesBuildPhase;
			buildActionMask = 2147483647;
			files = (
				EC3F70702834CD9F0013E326 /* ApiServiceTest.swift in Sources */,
				EC6C2F422830BAFB0002E51D /* GogolookExamTests.swift in Sources */,
				EC3F70742834E3DD0013E326 /* HandleItemCacheViewModelTypeTest.swift in Sources */,
				EC3F70722834DD1A0013E326 /* ItemListViewControllerTest.swift in Sources */,
			);
			runOnlyForDeploymentPostprocessing = 0;
		};
		EC6C2F432830BAFB0002E51D /* Sources */ = {
			isa = PBXSourcesBuildPhase;
			buildActionMask = 2147483647;
			files = (
				EC6C2F4E2830BAFB0002E51D /* GogolookExamUITestsLaunchTests.swift in Sources */,
				EC6C2F4C2830BAFB0002E51D /* GogolookExamUITests.swift in Sources */,
			);
			runOnlyForDeploymentPostprocessing = 0;
		};
/* End PBXSourcesBuildPhase section */

/* Begin PBXTargetDependency section */
		EC6C2F3F2830BAFB0002E51D /* PBXTargetDependency */ = {
			isa = PBXTargetDependency;
			target = EC6C2F262830BAFA0002E51D /* GogolookExam */;
			targetProxy = EC6C2F3E2830BAFB0002E51D /* PBXContainerItemProxy */;
		};
		EC6C2F492830BAFB0002E51D /* PBXTargetDependency */ = {
			isa = PBXTargetDependency;
			target = EC6C2F262830BAFA0002E51D /* GogolookExam */;
			targetProxy = EC6C2F482830BAFB0002E51D /* PBXContainerItemProxy */;
		};
/* End PBXTargetDependency section */

/* Begin PBXVariantGroup section */
		EC6C2F352830BAFB0002E51D /* LaunchScreen.storyboard */ = {
			isa = PBXVariantGroup;
			children = (
				EC6C2F362830BAFB0002E51D /* Base */,
			);
			name = LaunchScreen.storyboard;
			sourceTree = "<group>";
		};
/* End PBXVariantGroup section */

/* Begin XCBuildConfiguration section */
		EC6C2F4F2830BAFB0002E51D /* Debug */ = {
			isa = XCBuildConfiguration;
			buildSettings = {
				ALWAYS_SEARCH_USER_PATHS = NO;
				CLANG_ANALYZER_NONNULL = YES;
				CLANG_ANALYZER_NUMBER_OBJECT_CONVERSION = YES_AGGRESSIVE;
				CLANG_CXX_LANGUAGE_STANDARD = "gnu++17";
				CLANG_CXX_LIBRARY = "libc++";
				CLANG_ENABLE_MODULES = YES;
				CLANG_ENABLE_OBJC_ARC = YES;
				CLANG_ENABLE_OBJC_WEAK = YES;
				CLANG_WARN_BLOCK_CAPTURE_AUTORELEASING = YES;
				CLANG_WARN_BOOL_CONVERSION = YES;
				CLANG_WARN_COMMA = YES;
				CLANG_WARN_CONSTANT_CONVERSION = YES;
				CLANG_WARN_DEPRECATED_OBJC_IMPLEMENTATIONS = YES;
				CLANG_WARN_DIRECT_OBJC_ISA_USAGE = YES_ERROR;
				CLANG_WARN_DOCUMENTATION_COMMENTS = YES;
				CLANG_WARN_EMPTY_BODY = YES;
				CLANG_WARN_ENUM_CONVERSION = YES;
				CLANG_WARN_INFINITE_RECURSION = YES;
				CLANG_WARN_INT_CONVERSION = YES;
				CLANG_WARN_NON_LITERAL_NULL_CONVERSION = YES;
				CLANG_WARN_OBJC_IMPLICIT_RETAIN_SELF = YES;
				CLANG_WARN_OBJC_LITERAL_CONVERSION = YES;
				CLANG_WARN_OBJC_ROOT_CLASS = YES_ERROR;
				CLANG_WARN_QUOTED_INCLUDE_IN_FRAMEWORK_HEADER = YES;
				CLANG_WARN_RANGE_LOOP_ANALYSIS = YES;
				CLANG_WARN_STRICT_PROTOTYPES = YES;
				CLANG_WARN_SUSPICIOUS_MOVE = YES;
				CLANG_WARN_UNGUARDED_AVAILABILITY = YES_AGGRESSIVE;
				CLANG_WARN_UNREACHABLE_CODE = YES;
				CLANG_WARN__DUPLICATE_METHOD_MATCH = YES;
				COPY_PHASE_STRIP = NO;
				DEBUG_INFORMATION_FORMAT = dwarf;
				ENABLE_STRICT_OBJC_MSGSEND = YES;
				ENABLE_TESTABILITY = YES;
				GCC_C_LANGUAGE_STANDARD = gnu11;
				GCC_DYNAMIC_NO_PIC = NO;
				GCC_NO_COMMON_BLOCKS = YES;
				GCC_OPTIMIZATION_LEVEL = 0;
				GCC_PREPROCESSOR_DEFINITIONS = (
					"DEBUG=1",
					"$(inherited)",
				);
				GCC_WARN_64_TO_32_BIT_CONVERSION = YES;
				GCC_WARN_ABOUT_RETURN_TYPE = YES_ERROR;
				GCC_WARN_UNDECLARED_SELECTOR = YES;
				GCC_WARN_UNINITIALIZED_AUTOS = YES_AGGRESSIVE;
				GCC_WARN_UNUSED_FUNCTION = YES;
				GCC_WARN_UNUSED_VARIABLE = YES;
				IPHONEOS_DEPLOYMENT_TARGET = 15.2;
				MTL_ENABLE_DEBUG_INFO = INCLUDE_SOURCE;
				MTL_FAST_MATH = YES;
				ONLY_ACTIVE_ARCH = YES;
				SDKROOT = iphoneos;
				SWIFT_ACTIVE_COMPILATION_CONDITIONS = DEBUG;
				SWIFT_OPTIMIZATION_LEVEL = "-Onone";
			};
			name = Debug;
		};
		EC6C2F502830BAFB0002E51D /* Release */ = {
			isa = XCBuildConfiguration;
			buildSettings = {
				ALWAYS_SEARCH_USER_PATHS = NO;
				CLANG_ANALYZER_NONNULL = YES;
				CLANG_ANALYZER_NUMBER_OBJECT_CONVERSION = YES_AGGRESSIVE;
				CLANG_CXX_LANGUAGE_STANDARD = "gnu++17";
				CLANG_CXX_LIBRARY = "libc++";
				CLANG_ENABLE_MODULES = YES;
				CLANG_ENABLE_OBJC_ARC = YES;
				CLANG_ENABLE_OBJC_WEAK = YES;
				CLANG_WARN_BLOCK_CAPTURE_AUTORELEASING = YES;
				CLANG_WARN_BOOL_CONVERSION = YES;
				CLANG_WARN_COMMA = YES;
				CLANG_WARN_CONSTANT_CONVERSION = YES;
				CLANG_WARN_DEPRECATED_OBJC_IMPLEMENTATIONS = YES;
				CLANG_WARN_DIRECT_OBJC_ISA_USAGE = YES_ERROR;
				CLANG_WARN_DOCUMENTATION_COMMENTS = YES;
				CLANG_WARN_EMPTY_BODY = YES;
				CLANG_WARN_ENUM_CONVERSION = YES;
				CLANG_WARN_INFINITE_RECURSION = YES;
				CLANG_WARN_INT_CONVERSION = YES;
				CLANG_WARN_NON_LITERAL_NULL_CONVERSION = YES;
				CLANG_WARN_OBJC_IMPLICIT_RETAIN_SELF = YES;
				CLANG_WARN_OBJC_LITERAL_CONVERSION = YES;
				CLANG_WARN_OBJC_ROOT_CLASS = YES_ERROR;
				CLANG_WARN_QUOTED_INCLUDE_IN_FRAMEWORK_HEADER = YES;
				CLANG_WARN_RANGE_LOOP_ANALYSIS = YES;
				CLANG_WARN_STRICT_PROTOTYPES = YES;
				CLANG_WARN_SUSPICIOUS_MOVE = YES;
				CLANG_WARN_UNGUARDED_AVAILABILITY = YES_AGGRESSIVE;
				CLANG_WARN_UNREACHABLE_CODE = YES;
				CLANG_WARN__DUPLICATE_METHOD_MATCH = YES;
				COPY_PHASE_STRIP = NO;
				DEBUG_INFORMATION_FORMAT = "dwarf-with-dsym";
				ENABLE_NS_ASSERTIONS = NO;
				ENABLE_STRICT_OBJC_MSGSEND = YES;
				GCC_C_LANGUAGE_STANDARD = gnu11;
				GCC_NO_COMMON_BLOCKS = YES;
				GCC_WARN_64_TO_32_BIT_CONVERSION = YES;
				GCC_WARN_ABOUT_RETURN_TYPE = YES_ERROR;
				GCC_WARN_UNDECLARED_SELECTOR = YES;
				GCC_WARN_UNINITIALIZED_AUTOS = YES_AGGRESSIVE;
				GCC_WARN_UNUSED_FUNCTION = YES;
				GCC_WARN_UNUSED_VARIABLE = YES;
				IPHONEOS_DEPLOYMENT_TARGET = 15.2;
				MTL_ENABLE_DEBUG_INFO = NO;
				MTL_FAST_MATH = YES;
				SDKROOT = iphoneos;
				SWIFT_COMPILATION_MODE = wholemodule;
				SWIFT_OPTIMIZATION_LEVEL = "-O";
				VALIDATE_PRODUCT = YES;
			};
			name = Release;
		};
		EC6C2F522830BAFB0002E51D /* Debug */ = {
			isa = XCBuildConfiguration;
			baseConfigurationReference = 15F9F89391B8FC0894078028 /* Pods-GogolookExam.debug.xcconfig */;
			buildSettings = {
				ASSETCATALOG_COMPILER_APPICON_NAME = AppIcon;
				ASSETCATALOG_COMPILER_GLOBAL_ACCENT_COLOR_NAME = AccentColor;
				CODE_SIGN_STYLE = Automatic;
				CURRENT_PROJECT_VERSION = 1;
				DEVELOPMENT_TEAM = XLY67UA89A;
				GENERATE_INFOPLIST_FILE = YES;
				INFOPLIST_FILE = GogolookExam/Info.plist;
				INFOPLIST_KEY_UIApplicationSupportsIndirectInputEvents = YES;
				INFOPLIST_KEY_UILaunchStoryboardName = LaunchScreen;
				INFOPLIST_KEY_UISupportedInterfaceOrientations_iPad = "UIInterfaceOrientationPortrait UIInterfaceOrientationPortraitUpsideDown UIInterfaceOrientationLandscapeLeft UIInterfaceOrientationLandscapeRight";
				INFOPLIST_KEY_UISupportedInterfaceOrientations_iPhone = "UIInterfaceOrientationPortrait UIInterfaceOrientationLandscapeLeft UIInterfaceOrientationLandscapeRight";
				IPHONEOS_DEPLOYMENT_TARGET = 13.0;
				LD_RUNPATH_SEARCH_PATHS = (
					"$(inherited)",
					"@executable_path/Frameworks",
				);
				MARKETING_VERSION = 1.0;
				PRODUCT_BUNDLE_IDENTIFIER = com.clydeTest.GogolookExam;
				PRODUCT_NAME = "$(TARGET_NAME)";
				SWIFT_EMIT_LOC_STRINGS = YES;
				SWIFT_VERSION = 5.0;
				TARGETED_DEVICE_FAMILY = "1,2";
			};
			name = Debug;
		};
		EC6C2F532830BAFB0002E51D /* Release */ = {
			isa = XCBuildConfiguration;
			baseConfigurationReference = 5C64A59C3C31999AC23A0D7A /* Pods-GogolookExam.release.xcconfig */;
			buildSettings = {
				ASSETCATALOG_COMPILER_APPICON_NAME = AppIcon;
				ASSETCATALOG_COMPILER_GLOBAL_ACCENT_COLOR_NAME = AccentColor;
				CODE_SIGN_STYLE = Automatic;
				CURRENT_PROJECT_VERSION = 1;
				DEVELOPMENT_TEAM = XLY67UA89A;
				GENERATE_INFOPLIST_FILE = YES;
				INFOPLIST_FILE = GogolookExam/Info.plist;
				INFOPLIST_KEY_UIApplicationSupportsIndirectInputEvents = YES;
				INFOPLIST_KEY_UILaunchStoryboardName = LaunchScreen;
				INFOPLIST_KEY_UISupportedInterfaceOrientations_iPad = "UIInterfaceOrientationPortrait UIInterfaceOrientationPortraitUpsideDown UIInterfaceOrientationLandscapeLeft UIInterfaceOrientationLandscapeRight";
				INFOPLIST_KEY_UISupportedInterfaceOrientations_iPhone = "UIInterfaceOrientationPortrait UIInterfaceOrientationLandscapeLeft UIInterfaceOrientationLandscapeRight";
				IPHONEOS_DEPLOYMENT_TARGET = 13.0;
				LD_RUNPATH_SEARCH_PATHS = (
					"$(inherited)",
					"@executable_path/Frameworks",
				);
				MARKETING_VERSION = 1.0;
				PRODUCT_BUNDLE_IDENTIFIER = com.clydeTest.GogolookExam;
				PRODUCT_NAME = "$(TARGET_NAME)";
				SWIFT_EMIT_LOC_STRINGS = YES;
				SWIFT_VERSION = 5.0;
				TARGETED_DEVICE_FAMILY = "1,2";
			};
			name = Release;
		};
		EC6C2F552830BAFB0002E51D /* Debug */ = {
			isa = XCBuildConfiguration;
			baseConfigurationReference = E99E4AD8A4282427A3449CCE /* Pods-GogolookExamTests.debug.xcconfig */;
			buildSettings = {
				ALWAYS_EMBED_SWIFT_STANDARD_LIBRARIES = YES;
				BUNDLE_LOADER = "$(TEST_HOST)";
				CODE_SIGN_STYLE = Automatic;
				CURRENT_PROJECT_VERSION = 1;
				DEVELOPMENT_TEAM = XLY67UA89A;
				GENERATE_INFOPLIST_FILE = YES;
				IPHONEOS_DEPLOYMENT_TARGET = 15.2;
				MARKETING_VERSION = 1.0;
				PRODUCT_BUNDLE_IDENTIFIER = com.clydeTest.GogolookExamTests;
				PRODUCT_NAME = "$(TARGET_NAME)";
				SWIFT_EMIT_LOC_STRINGS = NO;
				SWIFT_VERSION = 5.0;
				TARGETED_DEVICE_FAMILY = "1,2";
				TEST_HOST = "$(BUILT_PRODUCTS_DIR)/GogolookExam.app/GogolookExam";
			};
			name = Debug;
		};
		EC6C2F562830BAFB0002E51D /* Release */ = {
			isa = XCBuildConfiguration;
			baseConfigurationReference = 60738C61D677CE99ECCF3A41 /* Pods-GogolookExamTests.release.xcconfig */;
			buildSettings = {
				ALWAYS_EMBED_SWIFT_STANDARD_LIBRARIES = YES;
				BUNDLE_LOADER = "$(TEST_HOST)";
				CODE_SIGN_STYLE = Automatic;
				CURRENT_PROJECT_VERSION = 1;
				DEVELOPMENT_TEAM = XLY67UA89A;
				GENERATE_INFOPLIST_FILE = YES;
				IPHONEOS_DEPLOYMENT_TARGET = 15.2;
				MARKETING_VERSION = 1.0;
				PRODUCT_BUNDLE_IDENTIFIER = com.clydeTest.GogolookExamTests;
				PRODUCT_NAME = "$(TARGET_NAME)";
				SWIFT_EMIT_LOC_STRINGS = NO;
				SWIFT_VERSION = 5.0;
				TARGETED_DEVICE_FAMILY = "1,2";
				TEST_HOST = "$(BUILT_PRODUCTS_DIR)/GogolookExam.app/GogolookExam";
			};
			name = Release;
		};
		EC6C2F582830BAFB0002E51D /* Debug */ = {
			isa = XCBuildConfiguration;
			baseConfigurationReference = C0EFDC9E238DAA2341AC6468 /* Pods-GogolookExam-GogolookExamUITests.debug.xcconfig */;
			buildSettings = {
				ALWAYS_EMBED_SWIFT_STANDARD_LIBRARIES = YES;
				CODE_SIGN_STYLE = Automatic;
				CURRENT_PROJECT_VERSION = 1;
				DEVELOPMENT_TEAM = XLY67UA89A;
				GENERATE_INFOPLIST_FILE = YES;
				MARKETING_VERSION = 1.0;
				PRODUCT_BUNDLE_IDENTIFIER = com.clydeTest.GogolookExamUITests;
				PRODUCT_NAME = "$(TARGET_NAME)";
				SWIFT_EMIT_LOC_STRINGS = NO;
				SWIFT_VERSION = 5.0;
				TARGETED_DEVICE_FAMILY = "1,2";
				TEST_TARGET_NAME = GogolookExam;
			};
			name = Debug;
		};
		EC6C2F592830BAFB0002E51D /* Release */ = {
			isa = XCBuildConfiguration;
			baseConfigurationReference = 8F50F896CC7239DCC9EC1131 /* Pods-GogolookExam-GogolookExamUITests.release.xcconfig */;
			buildSettings = {
				ALWAYS_EMBED_SWIFT_STANDARD_LIBRARIES = YES;
				CODE_SIGN_STYLE = Automatic;
				CURRENT_PROJECT_VERSION = 1;
				DEVELOPMENT_TEAM = XLY67UA89A;
				GENERATE_INFOPLIST_FILE = YES;
				MARKETING_VERSION = 1.0;
				PRODUCT_BUNDLE_IDENTIFIER = com.clydeTest.GogolookExamUITests;
				PRODUCT_NAME = "$(TARGET_NAME)";
				SWIFT_EMIT_LOC_STRINGS = NO;
				SWIFT_VERSION = 5.0;
				TARGETED_DEVICE_FAMILY = "1,2";
				TEST_TARGET_NAME = GogolookExam;
			};
			name = Release;
		};
/* End XCBuildConfiguration section */

/* Begin XCConfigurationList section */
		EC6C2F222830BAFA0002E51D /* Build configuration list for PBXProject "GogolookExam" */ = {
			isa = XCConfigurationList;
			buildConfigurations = (
				EC6C2F4F2830BAFB0002E51D /* Debug */,
				EC6C2F502830BAFB0002E51D /* Release */,
			);
			defaultConfigurationIsVisible = 0;
			defaultConfigurationName = Release;
		};
		EC6C2F512830BAFB0002E51D /* Build configuration list for PBXNativeTarget "GogolookExam" */ = {
			isa = XCConfigurationList;
			buildConfigurations = (
				EC6C2F522830BAFB0002E51D /* Debug */,
				EC6C2F532830BAFB0002E51D /* Release */,
			);
			defaultConfigurationIsVisible = 0;
			defaultConfigurationName = Release;
		};
		EC6C2F542830BAFB0002E51D /* Build configuration list for PBXNativeTarget "GogolookExamTests" */ = {
			isa = XCConfigurationList;
			buildConfigurations = (
				EC6C2F552830BAFB0002E51D /* Debug */,
				EC6C2F562830BAFB0002E51D /* Release */,
			);
			defaultConfigurationIsVisible = 0;
			defaultConfigurationName = Release;
		};
		EC6C2F572830BAFB0002E51D /* Build configuration list for PBXNativeTarget "GogolookExamUITests" */ = {
			isa = XCConfigurationList;
			buildConfigurations = (
				EC6C2F582830BAFB0002E51D /* Debug */,
				EC6C2F592830BAFB0002E51D /* Release */,
			);
			defaultConfigurationIsVisible = 0;
			defaultConfigurationName = Release;
		};
/* End XCConfigurationList section */

/* Begin XCVersionGroup section */
		ECD6296528339BC0008684D7 /* FavoriteModel.xcdatamodeld */ = {
			isa = XCVersionGroup;
			children = (
				ECD6296628339BC0008684D7 /* FavoriteModel.xcdatamodel */,
			);
			currentVersion = ECD6296628339BC0008684D7 /* FavoriteModel.xcdatamodel */;
			path = FavoriteModel.xcdatamodeld;
			sourceTree = "<group>";
			versionGroupType = wrapper.xcdatamodel;
		};
/* End XCVersionGroup section */
	};
	rootObject = EC6C2F1F2830BAFA0002E51D /* Project object */;
}
